
Microsoft Visual Studio Solution File, Format Version 12.00
# Visual Studio Version 16
VisualStudioVersion = 16.0.30517.126
MinimumVisualStudioVersion = 10.0.40219.1
Project("{F184B08F-C81C-45F6-A57F-5ABD9991F28F}") = "pertemuan 3 slide 9", "pertemuan 3 slide 9.vbproj", "{299BE7FC-E09B-4AA0-88FB-988417CBF6A7}"
EndProject
Global
	GlobalSection(SolutionConfigurationPlatforms) = preSolution
		Debug|Any CPU = Debug|Any CPU
		Release|Any CPU = Release|Any CPU
	EndGlobalSection
	GlobalSection(ProjectConfigurationPlatforms) = postSolution
		{299BE7FC-E09B-4AA0-88FB-988417CBF6A7}.Debug|Any CPU.ActiveCfg = Debug|Any CPU
		{299BE7FC-E09B-4AA0-88FB-988417CBF6A7}.Debug|Any CPU.Build.0 = Debug|Any CPU
		{299BE7FC-E09B-4AA0-88FB-988417CBF6A7}.Release|Any CPU.ActiveCfg = Release|Any CPU
		{299BE7FC-E09B-4AA0-88FB-988417CBF6A7}.Release|Any CPU.Build.0 = Release|Any CPU
	EndGlobalSection
	GlobalSection(SolutionProperties) = preSolution
		HideSolutionNode = FALSE
	EndGlobalSection
	GlobalSection(ExtensibilityGlobals) = postSolution
		SolutionGuid = {14C9CEB6-E4F5-482B-A864-C65D634B1B01}
	EndGlobalSection
EndGlobal
